<?xml version="1.0" encoding="utf-8"?>
<Project ToolsVersion="4.0" xmlns="http://schemas.microsoft.com/developer/msbuild/2003">
  <ItemGroup>
    <Filter Include="Source Files">
      <UniqueIdentifier>{4FC737F1-C7A5-4376-A066-2A32D752A2FF}</UniqueIdentifier>
      <Extensions>cpp;c;cc;cxx;c++;cppm;ixx;def;odl;idl;hpj;bat;asm;asmx</Extensions>
    </Filter>
    <Filter Include="Header Files">
      <UniqueIdentifier>{93995380-89BD-4b04-88EB-625FBE52EBFB}</UniqueIdentifier>
      <Extensions>h;hh;hpp;hxx;h++;hm;inl;inc;ipp;xsd</Extensions>
    </Filter>
    <Filter Include="Resource Files">
      <UniqueIdentifier>{67DA6AB6-F800-4c08-8B7A-83BB121AAD01}</UniqueIdentifier>
      <Extensions>rc;ico;cur;bmp;dlg;rc2;rct;bin;rgs;gif;jpg;jpeg;jpe;resx;tiff;tif;png;wav;mfcribbon-ms</Extensions>
    </Filter>
    <Filter Include="util">
      <UniqueIdentifier>{5a17b302-1143-4c26-a88a-7a7cca04b230}</UniqueIdentifier>
    </Filter>
    <Filter Include="Render">
      <UniqueIdentifier>{40a2ea93-f3f2-4621-9e87-32553a503fa9}</UniqueIdentifier>
    </Filter>
    <Filter Include="Render\Shaders">
      <UniqueIdentifier>{4df07eb2-2e25-45b7-99c7-eefe8e539eb9}</UniqueIdentifier>
    </Filter>
  </ItemGroup>
  <ItemGroup>
    <ClCompile Include="Objmodel.cpp">
      <Filter>Source Files</Filter>
    </ClCompile>
    <ClCompile Include="obj-util.cpp">
      <Filter>util</Filter>
    </ClCompile>
    <ClCompile Include="main.cpp">
      <Filter>Render</Filter>
    </ClCompile>
    <ClCompile Include="..\third-party\glad\src\glad.c">
      <Filter>Render</Filter>
    </ClCompile>
    <ClCompile Include="catmull-clark.cpp">
      <Filter>Source Files</Filter>
    </ClCompile>
    <ClCompile Include="Shader.cpp">
      <Filter>Render</Filter>
    </ClCompile>
    <ClCompile Include="UserInput.cpp">
      <Filter>Render</Filter>
    </ClCompile>
  </ItemGroup>
  <ItemGroup>
    <ClInclude Include="obj-util.h">
      <Filter>util</Filter>
    </ClInclude>
    <ClInclude Include="catmull-clark.h">
      <Filter>Source Files</Filter>
    </ClInclude>
    <ClInclude Include="Objmodel.h">
      <Filter>Source Files</Filter>
    </ClInclude>
    <ClInclude Include="Shader.h">
      <Filter>Render</Filter>
    </ClInclude>
    <ClInclude Include="UserInputs.h">
      <Filter>Render</Filter>
    </ClInclude>
  </ItemGroup>
  <ItemGroup>
    <None Include="assimp.dll">
      <Filter>Source Files</Filter>
    </None>
    <None Include="..\shaders\Standard.frag">
      <Filter>Render\Shaders</Filter>
    </None>
    <None Include="..\shaders\Standard.vert">
      <Filter>Render\Shaders</Filter>
    </None>
    <None Include="..\shaders\grid.frag">
      <Filter>Render\Shaders</Filter>
    </None>
    <None Include="..\shaders\grid.vert">
      <Filter>Render\Shaders</Filter>
    </None>
  </ItemGroup>
</Project>